dependencies:
- name: envpilot-control-plane
  repository: file://../envpilot-control-plane
  version: 0.3.31
- name: envpilot-frontend
  repository: file://../envpilot-frontend
  version: 0.2.1
- name: envpilot-agent
  repository: file://../envpilot-agent
  version: 0.2.7
- name: envpilot-runner
  repository: file://../envpilot-runner
  version: 0.4.1
- name: envpilot-webhook
  repository: file://../envpilot-webhook
  version: 0.1.0
- name: envpilot-e2e-workload
  repository: file://../envpilot-e2e-workload
  version: 0.1.0
digest: sha256:7dae3ba2194b43fd0b01c616ca8dd5725cc69559c1cdad9649b24479b46827a2
generated: "2026-08-14T13:40:23.253869+02:00"
