dependencies:
- name: envpilot-control-plane
  repository: file://../envpilot-control-plane
  version: 0.3.3
- name: envpilot-frontend
  repository: file://../envpilot-frontend
  version: 0.2.0
- name: envpilot-agent
  repository: file://../envpilot-agent
  version: 0.2.1
- name: envpilot-runner
  repository: file://../envpilot-runner
  version: 0.3.2
digest: sha256:8f6a1cdd75fe628f831a223d1628faec519bdb21d3bece99a5ba836704364f04
generated: "2026-08-01T19:31:56.369628+02:00"
