dependencies:
- name: envpilot-control-plane
  repository: file://../envpilot-control-plane
  version: 0.3.8
- name: envpilot-frontend
  repository: file://../envpilot-frontend
  version: 0.2.0
- name: envpilot-agent
  repository: file://../envpilot-agent
  version: 0.2.2
- name: envpilot-runner
  repository: file://../envpilot-runner
  version: 0.3.7
digest: sha256:b7272f9f795d80b725b7a49bfff412c4d640e0b4a755d346b458cb0281776719
generated: "2026-08-03T11:49:58.920558+02:00"
