dependencies:
- name: envplane-control-plane
  repository: file://../envplane-control-plane
  version: 0.3.59
- name: envplane-frontend
  repository: file://../envplane-frontend
  version: 0.2.1
- name: envplane-agent
  repository: file://../envplane-agent
  version: 0.2.26
- name: envplane-runner
  repository: file://../envplane-runner
  version: 0.4.10
- name: envplane-webhook
  repository: file://../envplane-webhook
  version: 0.1.6
- name: envplane-e2e-workload
  repository: file://../envplane-e2e-workload
  version: 0.1.0
digest: sha256:aab3cba646f2f6ceb368467abb587d290c0f230767b780b0bd6a7537c364c30d
generated: "2026-09-26T15:52:42.845862+02:00"
